<?xml version="1.0" encoding="utf-8"?>
<Project xmlns="http://schemas.microsoft.com/developer/msbuild/2003">
  <ItemGroup>
    <Filter Include="Form Files">
      <UniqueIdentifier>{99349809-55BA-4b9d-BF79-8FDBB0286EB3}</UniqueIdentifier>
      <Extensions>ui</Extensions>
      <ParseFiles>false</ParseFiles>
    </Filter>
    <Filter Include="Form Files">
      <UniqueIdentifier>{99349809-55BA-4b9d-BF79-8FDBB0286EB3}</UniqueIdentifier>
      <Extensions>ui</Extensions>
      <ParseFiles>false</ParseFiles>
    </Filter>
    <Filter Include="Generated Files">
      <UniqueIdentifier>{71ED8ED8-ACB9-4CE9-BBE1-E00B30144E11}</UniqueIdentifier>
      <Extensions>cpp;c;cxx;moc;h;def;odl;idl;res;</Extensions>
    </Filter>
    <Filter Include="Generated Files">
      <UniqueIdentifier>{71ED8ED8-ACB9-4CE9-BBE1-E00B30144E11}</UniqueIdentifier>
      <Extensions>cpp;c;cxx;moc;h;def;odl;idl;res;</Extensions>
    </Filter>
    <Filter Include="Header Files">
      <UniqueIdentifier>{93995380-89BD-4b04-88EB-625FBE52EBFB}</UniqueIdentifier>
      <Extensions>h;hpp;hxx;hm;inl;inc;xsd</Extensions>
    </Filter>
    <Filter Include="Header Files">
      <UniqueIdentifier>{93995380-89BD-4b04-88EB-625FBE52EBFB}</UniqueIdentifier>
      <Extensions>h;hpp;hxx;hm;inl;inc;xsd</Extensions>
    </Filter>
    <Filter Include="Resource Files">
      <UniqueIdentifier>{D9D6E242-F8AF-46E4-B9FD-80ECBC20BA3E}</UniqueIdentifier>
      <Extensions>qrc;*</Extensions>
      <ParseFiles>false</ParseFiles>
    </Filter>
    <Filter Include="Resource Files">
      <UniqueIdentifier>{D9D6E242-F8AF-46E4-B9FD-80ECBC20BA3E}</UniqueIdentifier>
      <Extensions>qrc;*</Extensions>
      <ParseFiles>false</ParseFiles>
    </Filter>
    <Filter Include="Source Files">
      <UniqueIdentifier>{4FC737F1-C7A5-4376-A066-2A32D752A2FF}</UniqueIdentifier>
      <Extensions>cpp;c;cxx;def;odl;idl;hpj;bat;asm;asmx</Extensions>
    </Filter>
    <Filter Include="Source Files">
      <UniqueIdentifier>{4FC737F1-C7A5-4376-A066-2A32D752A2FF}</UniqueIdentifier>
      <Extensions>cpp;c;cxx;def;odl;idl;hpj;bat;asm;asmx</Extensions>
    </Filter>
  </ItemGroup>
  <ItemGroup>
    <ClCompile Include="gui\DemoWidget.cpp">
      <Filter>Source Files</Filter>
    </ClCompile>
    <ClCompile Include="util\NinePatchPainter.cpp">
      <Filter>Source Files</Filter>
    </ClCompile>
    <ClCompile Include="gui\TopWindow.cpp">
      <Filter>Source Files</Filter>
    </ClCompile>
    <ClCompile Include="main.cpp">
      <Filter>Source Files</Filter>
    </ClCompile>
  </ItemGroup>
  <ItemGroup>
    <QtMoc Include="gui\DemoWidget.h">
      <Filter>Header Files</Filter>
    </QtMoc>
    <ClInclude Include="util\NinePatchPainter.h">
      <Filter>Header Files</Filter>
    </ClInclude>
    <QtMoc Include="gui\TopWindow.h">
      <Filter>Header Files</Filter>
    </QtMoc>
  </ItemGroup>
  <ItemGroup>
    
    
    
    
    <CustomBuild Include="debug\moc_predefs.h.cbt">
      <Filter>Generated Files</Filter>
    </CustomBuild>
    <CustomBuild Include="release\moc_predefs.h.cbt">
      <Filter>Generated Files</Filter>
    </CustomBuild>
    
    
    <ClInclude Include="debug\ui_DemoWidget.h">
      <Filter>Generated Files</Filter>
    </ClInclude>
    <ClInclude Include="release\ui_DemoWidget.h">
      <Filter>Generated Files</Filter>
    </ClInclude>
    <ClInclude Include="debug\ui_TopWindow.h">
      <Filter>Generated Files</Filter>
    </ClInclude>
    <ClInclude Include="release\ui_TopWindow.h">
      <Filter>Generated Files</Filter>
    </ClInclude>
  </ItemGroup>
  <ItemGroup>
    <QtUic Include="gui\DemoWidget.ui">
      <Filter>Form Files</Filter>
    </QtUic>
    <QtUic Include="gui\TopWindow.ui">
      <Filter>Form Files</Filter>
    </QtUic>
  </ItemGroup>
  <ItemGroup>
    <None Include="image\top-window\close-hover.png">
      <Filter>Resource Files</Filter>
    </None>
    <None Include="image\top-window\close-pressed.png">
      <Filter>Resource Files</Filter>
    </None>
    <None Include="image\top-window\close.png">
      <Filter>Resource Files</Filter>
    </None>
    <None Include="image\top-window\colorful-border.jpg">
      <Filter>Resource Files</Filter>
    </None>
    <None Include="image\top-window\colorful-border.png">
      <Filter>Resource Files</Filter>
    </None>
    <None Include="image\top-window\logo.png">
      <Filter>Resource Files</Filter>
    </None>
    <None Include="image\top-window\max-hover.png">
      <Filter>Resource Files</Filter>
    </None>
    <None Include="image\top-window\max-pressed.png">
      <Filter>Resource Files</Filter>
    </None>
    <None Include="image\top-window\max.png">
      <Filter>Resource Files</Filter>
    </None>
    <None Include="image\top-window\min-hover.png">
      <Filter>Resource Files</Filter>
    </None>
    <None Include="image\top-window\min-pressed.png">
      <Filter>Resource Files</Filter>
    </None>
    <None Include="image\top-window\min.png">
      <Filter>Resource Files</Filter>
    </None>
    <None Include="image\top-window\restore-hover.png">
      <Filter>Resource Files</Filter>
    </None>
    <None Include="image\top-window\restore-pressed.png">
      <Filter>Resource Files</Filter>
    </None>
    <None Include="image\top-window\restore.png">
      <Filter>Resource Files</Filter>
    </None>
    <None Include="image\top-window\shadow.png">
      <Filter>Resource Files</Filter>
    </None>
    <None Include="image\top-window\size-grip.png">
      <Filter>Resource Files</Filter>
    </None>
    <None Include="image\top-window\stroke.png">
      <Filter>Resource Files</Filter>
    </None>
    <None Include="image\top-window\toolbar-close-hover.png">
      <Filter>Resource Files</Filter>
    </None>
    <None Include="image\top-window\toolbar-close-pressed.png">
      <Filter>Resource Files</Filter>
    </None>
    <None Include="image\top-window\toolbar-close.png">
      <Filter>Resource Files</Filter>
    </None>
    <None Include="image\top-window\toolbar-max-hover.png">
      <Filter>Resource Files</Filter>
    </None>
    <None Include="image\top-window\toolbar-max-pressed.png">
      <Filter>Resource Files</Filter>
    </None>
    <None Include="image\top-window\toolbar-max.png">
      <Filter>Resource Files</Filter>
    </None>
    <None Include="image\top-window\toolbar-min-hover.png">
      <Filter>Resource Files</Filter>
    </None>
    <None Include="image\top-window\toolbar-min-pressed.png">
      <Filter>Resource Files</Filter>
    </None>
    <None Include="image\top-window\toolbar-min.png">
      <Filter>Resource Files</Filter>
    </None>
    <None Include="image\top-window\toolbar-restore-hover.png">
      <Filter>Resource Files</Filter>
    </None>
    <None Include="image\top-window\toolbar-restore-pressed.png">
      <Filter>Resource Files</Filter>
    </None>
    <None Include="image\top-window\toolbar-restore.png">
      <Filter>Resource Files</Filter>
    </None>
    <QtRcc Include="top-window-resources.qrc">
      <Filter>Resource Files</Filter>
    </QtRcc>
  </ItemGroup>
</Project>