
Microsoft Visual Studio Solution File, Format Version 12.00
# Visual Studio 15
VisualStudioVersion = 15.0.28307.705
MinimumVisualStudioVersion = 10.0.40219.1
Project("{8BC9CEB8-8B4A-11D0-8D11-00A0C91BC942}") = "GlobalFileKeeper", "GlobalFileKeeper.vcxproj", "{88B70FD9-541B-44B8-B8B6-B9F6AC993442}"
EndProject
Global
	GlobalSection(SolutionConfigurationPlatforms) = preSolution
		Debug|x64 = Debug|x64
		Release|x64 = Release|x64
	EndGlobalSection
	GlobalSection(ProjectConfigurationPlatforms) = postSolution
		{88B70FD9-541B-44B8-B8B6-B9F6AC993442}.Debug|x64.ActiveCfg = Debug|x64
		{88B70FD9-541B-44B8-B8B6-B9F6AC993442}.Debug|x64.Build.0 = Debug|x64
		{88B70FD9-541B-44B8-B8B6-B9F6AC993442}.Release|x64.ActiveCfg = Release|x64
		{88B70FD9-541B-44B8-B8B6-B9F6AC993442}.Release|x64.Build.0 = Release|x64
	EndGlobalSection
	GlobalSection(SolutionProperties) = preSolution
		HideSolutionNode = FALSE
	EndGlobalSection
	GlobalSection(ExtensibilityGlobals) = postSolution
		SolutionGuid = {E09C3D6E-DE79-45DE-890D-2F84F5DF29A9}
	EndGlobalSection
EndGlobal
